
Microsoft Visual Studio Solution File, Format Version 12.00
# Visual Studio 15
VisualStudioVersion = 15.0.27428.1
MinimumVisualStudioVersion = 10.0.40219.1
Project("{FAE04EC0-301F-11D3-BF4B-00C04F79EFBC}") = "6_Models_ModelBinding", "6_Models_ModelBinding\6_Models_ModelBinding.csproj", "{982CE9EF-9C99-4328-8EA2-17D564D21D4A}"
EndProject
Global
	GlobalSection(SolutionConfigurationPlatforms) = preSolution
		Debug|Any CPU = Debug|Any CPU
		Release|Any CPU = Release|Any CPU
	EndGlobalSection
	GlobalSection(ProjectConfigurationPlatforms) = postSolution
		{982CE9EF-9C99-4328-8EA2-17D564D21D4A}.Debug|Any CPU.ActiveCfg = Debug|Any CPU
		{982CE9EF-9C99-4328-8EA2-17D564D21D4A}.Debug|Any CPU.Build.0 = Debug|Any CPU
		{982CE9EF-9C99-4328-8EA2-17D564D21D4A}.Release|Any CPU.ActiveCfg = Release|Any CPU
		{982CE9EF-9C99-4328-8EA2-17D564D21D4A}.Release|Any CPU.Build.0 = Release|Any CPU
	EndGlobalSection
	GlobalSection(SolutionProperties) = preSolution
		HideSolutionNode = FALSE
	EndGlobalSection
	GlobalSection(ExtensibilityGlobals) = postSolution
		SolutionGuid = {F5504AAE-1F05-4E46-BD09-AC64AA2A92B9}
	EndGlobalSection
EndGlobal
