
Microsoft Visual Studio Solution File, Format Version 12.00
# Visual Studio 15
VisualStudioVersion = 15.0.27428.1
MinimumVisualStudioVersion = 10.0.40219.1
Project("{FAE04EC0-301F-11D3-BF4B-00C04F79EFBC}") = "14_AjaxHelperMetodlari", "14_AjaxHelperMetodlari\14_AjaxHelperMetodlari.csproj", "{689A6243-63DD-486B-982D-1785374B762C}"
EndProject
Global
	GlobalSection(SolutionConfigurationPlatforms) = preSolution
		Debug|Any CPU = Debug|Any CPU
		Release|Any CPU = Release|Any CPU
	EndGlobalSection
	GlobalSection(ProjectConfigurationPlatforms) = postSolution
		{689A6243-63DD-486B-982D-1785374B762C}.Debug|Any CPU.ActiveCfg = Debug|Any CPU
		{689A6243-63DD-486B-982D-1785374B762C}.Debug|Any CPU.Build.0 = Debug|Any CPU
		{689A6243-63DD-486B-982D-1785374B762C}.Release|Any CPU.ActiveCfg = Release|Any CPU
		{689A6243-63DD-486B-982D-1785374B762C}.Release|Any CPU.Build.0 = Release|Any CPU
	EndGlobalSection
	GlobalSection(SolutionProperties) = preSolution
		HideSolutionNode = FALSE
	EndGlobalSection
	GlobalSection(ExtensibilityGlobals) = postSolution
		SolutionGuid = {D3735595-0898-4423-9245-C6E822AFFCBF}
	EndGlobalSection
EndGlobal
