
Microsoft Visual Studio Solution File, Format Version 12.00
# Visual Studio 15
VisualStudioVersion = 15.0.27428.1
MinimumVisualStudioVersion = 10.0.40219.1
Project("{FAE04EC0-301F-11D3-BF4B-00C04F79EFBC}") = "18_BundleConfig", "18_BundleConfig\18_BundleConfig.csproj", "{53EE092C-D112-4ED4-979C-0C430A34A6B7}"
EndProject
Global
	GlobalSection(SolutionConfigurationPlatforms) = preSolution
		Debug|Any CPU = Debug|Any CPU
		Release|Any CPU = Release|Any CPU
	EndGlobalSection
	GlobalSection(ProjectConfigurationPlatforms) = postSolution
		{53EE092C-D112-4ED4-979C-0C430A34A6B7}.Debug|Any CPU.ActiveCfg = Debug|Any CPU
		{53EE092C-D112-4ED4-979C-0C430A34A6B7}.Debug|Any CPU.Build.0 = Debug|Any CPU
		{53EE092C-D112-4ED4-979C-0C430A34A6B7}.Release|Any CPU.ActiveCfg = Release|Any CPU
		{53EE092C-D112-4ED4-979C-0C430A34A6B7}.Release|Any CPU.Build.0 = Release|Any CPU
	EndGlobalSection
	GlobalSection(SolutionProperties) = preSolution
		HideSolutionNode = FALSE
	EndGlobalSection
	GlobalSection(ExtensibilityGlobals) = postSolution
		SolutionGuid = {D8DE4811-D04A-408F-92E0-422179C56E44}
	EndGlobalSection
EndGlobal
