
Microsoft Visual Studio Solution File, Format Version 12.00
# Visual Studio 15
VisualStudioVersion = 15.0.27428.1
MinimumVisualStudioVersion = 10.0.40219.1
Project("{FAE04EC0-301F-11D3-BF4B-00C04F79EFBC}") = "10_ActionResultTurleri", "10_ActionResultTurleri\10_ActionResultTurleri.csproj", "{7F2EFD49-0F3C-4459-8FDF-DBF772623F01}"
EndProject
Global
	GlobalSection(SolutionConfigurationPlatforms) = preSolution
		Debug|Any CPU = Debug|Any CPU
		Release|Any CPU = Release|Any CPU
	EndGlobalSection
	GlobalSection(ProjectConfigurationPlatforms) = postSolution
		{7F2EFD49-0F3C-4459-8FDF-DBF772623F01}.Debug|Any CPU.ActiveCfg = Debug|Any CPU
		{7F2EFD49-0F3C-4459-8FDF-DBF772623F01}.Debug|Any CPU.Build.0 = Debug|Any CPU
		{7F2EFD49-0F3C-4459-8FDF-DBF772623F01}.Release|Any CPU.ActiveCfg = Release|Any CPU
		{7F2EFD49-0F3C-4459-8FDF-DBF772623F01}.Release|Any CPU.Build.0 = Release|Any CPU
	EndGlobalSection
	GlobalSection(SolutionProperties) = preSolution
		HideSolutionNode = FALSE
	EndGlobalSection
	GlobalSection(ExtensibilityGlobals) = postSolution
		SolutionGuid = {31F5D56D-06E0-4388-A422-28B7FE6E810D}
	EndGlobalSection
EndGlobal
