
Microsoft Visual Studio Solution File, Format Version 12.00
# Visual Studio 15
VisualStudioVersion = 15.0.27428.1
MinimumVisualStudioVersion = 10.0.40219.1
Project("{FAE04EC0-301F-11D3-BF4B-00C04F79EFBC}") = "16_KMBModalLogin", "16_KMBModalLogin\16_KMBModalLogin.csproj", "{B12F2C6A-094B-45DE-B1E2-9C66549DB617}"
EndProject
Global
	GlobalSection(SolutionConfigurationPlatforms) = preSolution
		Debug|Any CPU = Debug|Any CPU
		Release|Any CPU = Release|Any CPU
	EndGlobalSection
	GlobalSection(ProjectConfigurationPlatforms) = postSolution
		{B12F2C6A-094B-45DE-B1E2-9C66549DB617}.Debug|Any CPU.ActiveCfg = Debug|Any CPU
		{B12F2C6A-094B-45DE-B1E2-9C66549DB617}.Debug|Any CPU.Build.0 = Debug|Any CPU
		{B12F2C6A-094B-45DE-B1E2-9C66549DB617}.Release|Any CPU.ActiveCfg = Release|Any CPU
		{B12F2C6A-094B-45DE-B1E2-9C66549DB617}.Release|Any CPU.Build.0 = Release|Any CPU
	EndGlobalSection
	GlobalSection(SolutionProperties) = preSolution
		HideSolutionNode = FALSE
	EndGlobalSection
	GlobalSection(ExtensibilityGlobals) = postSolution
		SolutionGuid = {A532F2DA-BE93-424B-B098-53A965719633}
	EndGlobalSection
EndGlobal
